{
    "name": "FigmaBoundsHeader",
    "version": "1.0.0",
    "lockfileVersion": 2,
    "requires": true,
    "packages": {
        "": {
            "name": "FigmaBoundsHeader",
            "version": "1.0.0",
            "devDependencies": {
                "@figma/plugin-typings": "*",
                "typescript": "*"
            }
        },
        "node_modules/@figma/plugin-typings": {
            "version": "1.63.0",
            "resolved": "https://registry.npmjs.org/@figma/plugin-typings/-/plugin-typings-1.63.0.tgz",
            "integrity": "sha512-bVayE0SHdBJL8VFf2CvfLIC9aW4f+6KBBNuBQ67Q5Vy0RI5MCymEppWBkJoSFfUu3XQskb6A1UMVDI7hurd0LA==",
            "dev": true
        },
        "node_modules/typescript": {
            "version": "5.0.4",
            "resolved": "https://registry.npmjs.org/typescript/-/typescript-5.0.4.tgz",
            "integrity": "sha512-cW9T5W9xY37cc+jfEnaUvX91foxtHkza3Nw3wkoF4sSlKn0MONdkdEndig/qPBWXNkmplh3NzayQzCiHM4/hqw==",
            "dev": true,
            "bin": {
                "tsc": "bin/tsc",
                "tsserver": "bin/tsserver"
            },
            "engines": {
                "node": ">=12.20"
            }
        }
    },
    "dependencies": {
        "@figma/plugin-typings": {
            "version": "1.63.0",
            "resolved": "https://registry.npmjs.org/@figma/plugin-typings/-/plugin-typings-1.63.0.tgz",
            "integrity": "sha512-bVayE0SHdBJL8VFf2CvfLIC9aW4f+6KBBNuBQ67Q5Vy0RI5MCymEppWBkJoSFfUu3XQskb6A1UMVDI7hurd0LA==",
            "dev": true
        },
        "typescript": {
            "version": "5.0.4",
            "resolved": "https://registry.npmjs.org/typescript/-/typescript-5.0.4.tgz",
            "integrity": "sha512-cW9T5W9xY37cc+jfEnaUvX91foxtHkza3Nw3wkoF4sSlKn0MONdkdEndig/qPBWXNkmplh3NzayQzCiHM4/hqw==",
            "dev": true
        }
    }
}
